
Microsoft Visual Studio Solution File, Format Version 12.00
# Visual Studio Version 17
VisualStudioVersion = 17.4.33213.308
MinimumVisualStudioVersion = 10.0.40219.1
Project("{9A19103F-16F7-4668-BE54-9A1E7A4F7556}") = "MeteoScanner.Api", "MeteoScanner\MeteoScanner.Api.csproj", "{38E4D0AD-3FCE-46FE-ACF8-CCA51586632F}"
EndProject
Project("{9A19103F-16F7-4668-BE54-9A1E7A4F7556}") = "MScanner.Models", "MScanner.Models\MScanner.Models.csproj", "{6002EF9D-C0E5-4985-A7EB-1AFE475E6C44}"
EndProject
Project("{9A19103F-16F7-4668-BE54-9A1E7A4F7556}") = "MScanner.Data", "MScanner.Data\MScanner.Data.csproj", "{1099C4E7-C265-4FD0-8C67-37C8B967E60C}"
EndProject
Project("{9A19103F-16F7-4668-BE54-9A1E7A4F7556}") = "MScanner.Repository", "MScanner.Repository\MScanner.Repository.csproj", "{4423CD88-C2C5-4505-A5B6-4506FF0B16B2}"
EndProject
Project("{FAE04EC0-301F-11D3-BF4B-00C04F79EFBC}") = "MScanner.Services", "MScanner.Services\MScanner.Services.csproj", "{5B09C019-580C-432C-8F2E-40E0C376A1E1}"
EndProject
Project("{FAE04EC0-301F-11D3-BF4B-00C04F79EFBC}") = "MScanner.WebUI", "MScanner.WebUI\MScanner.WebUI.csproj", "{DA79153C-792F-419F-A4B2-FAA924383062}"
EndProject
Global
	GlobalSection(SolutionConfigurationPlatforms) = preSolution
		Debug|Any CPU = Debug|Any CPU
		Release|Any CPU = Release|Any CPU
	EndGlobalSection
	GlobalSection(ProjectConfigurationPlatforms) = postSolution
		{38E4D0AD-3FCE-46FE-ACF8-CCA51586632F}.Debug|Any CPU.ActiveCfg = Debug|Any CPU
		{38E4D0AD-3FCE-46FE-ACF8-CCA51586632F}.Debug|Any CPU.Build.0 = Debug|Any CPU
		{38E4D0AD-3FCE-46FE-ACF8-CCA51586632F}.Release|Any CPU.ActiveCfg = Release|Any CPU
		{38E4D0AD-3FCE-46FE-ACF8-CCA51586632F}.Release|Any CPU.Build.0 = Release|Any CPU
		{6002EF9D-C0E5-4985-A7EB-1AFE475E6C44}.Debug|Any CPU.ActiveCfg = Debug|Any CPU
		{6002EF9D-C0E5-4985-A7EB-1AFE475E6C44}.Debug|Any CPU.Build.0 = Debug|Any CPU
		{6002EF9D-C0E5-4985-A7EB-1AFE475E6C44}.Release|Any CPU.ActiveCfg = Release|Any CPU
		{6002EF9D-C0E5-4985-A7EB-1AFE475E6C44}.Release|Any CPU.Build.0 = Release|Any CPU
		{1099C4E7-C265-4FD0-8C67-37C8B967E60C}.Debug|Any CPU.ActiveCfg = Debug|Any CPU
		{1099C4E7-C265-4FD0-8C67-37C8B967E60C}.Debug|Any CPU.Build.0 = Debug|Any CPU
		{1099C4E7-C265-4FD0-8C67-37C8B967E60C}.Release|Any CPU.ActiveCfg = Release|Any CPU
		{1099C4E7-C265-4FD0-8C67-37C8B967E60C}.Release|Any CPU.Build.0 = Release|Any CPU
		{4423CD88-C2C5-4505-A5B6-4506FF0B16B2}.Debug|Any CPU.ActiveCfg = Debug|Any CPU
		{4423CD88-C2C5-4505-A5B6-4506FF0B16B2}.Debug|Any CPU.Build.0 = Debug|Any CPU
		{4423CD88-C2C5-4505-A5B6-4506FF0B16B2}.Release|Any CPU.ActiveCfg = Release|Any CPU
		{4423CD88-C2C5-4505-A5B6-4506FF0B16B2}.Release|Any CPU.Build.0 = Release|Any CPU
		{5B09C019-580C-432C-8F2E-40E0C376A1E1}.Debug|Any CPU.ActiveCfg = Debug|Any CPU
		{5B09C019-580C-432C-8F2E-40E0C376A1E1}.Debug|Any CPU.Build.0 = Debug|Any CPU
		{5B09C019-580C-432C-8F2E-40E0C376A1E1}.Release|Any CPU.ActiveCfg = Release|Any CPU
		{5B09C019-580C-432C-8F2E-40E0C376A1E1}.Release|Any CPU.Build.0 = Release|Any CPU
		{DA79153C-792F-419F-A4B2-FAA924383062}.Debug|Any CPU.ActiveCfg = Debug|Any CPU
		{DA79153C-792F-419F-A4B2-FAA924383062}.Debug|Any CPU.Build.0 = Debug|Any CPU
		{DA79153C-792F-419F-A4B2-FAA924383062}.Release|Any CPU.ActiveCfg = Release|Any CPU
		{DA79153C-792F-419F-A4B2-FAA924383062}.Release|Any CPU.Build.0 = Release|Any CPU
	EndGlobalSection
	GlobalSection(SolutionProperties) = preSolution
		HideSolutionNode = FALSE
	EndGlobalSection
	GlobalSection(ExtensibilityGlobals) = postSolution
		SolutionGuid = {AEBF6BDF-3CA7-4431-841F-EC8D7E4CE4DC}
	EndGlobalSection
EndGlobal
